
Microsoft Visual Studio Solution File, Format Version 12.00
# Visual Studio Version 17
VisualStudioVersion = 17.9.34728.123
MinimumVisualStudioVersion = 10.0.40219.1
Project("{FAE04EC0-301F-11D3-BF4B-00C04F79EFBC}") = "tRWXi", "tRWXi\tRWXi.csproj", "{D0594667-5D2F-48F3-A3DF-00C58245C1FD}"
EndProject
Project("{FAE04EC0-301F-11D3-BF4B-00C04F79EFBC}") = "tRWXix", "tRWXix\tRWXix.csproj", "{165F50DB-EDB0-49AD-8836-6B76EDED02C0}"
EndProject
Project("{FAE04EC0-301F-11D3-BF4B-00C04F79EFBC}") = "tRWXiu", "tRWXiu\tRWXiu.csproj", "{B9F7E850-AB54-4C94-A393-15945E8E3825}"
EndProject
Project("{FAE04EC0-301F-11D3-BF4B-00C04F79EFBC}") = "tRWXia", "tRWXia\tRWXia.csproj", "{D56E4192-E629-41A9-B64E-37B24E8C7DD7}"
EndProject
Global
	GlobalSection(SolutionConfigurationPlatforms) = preSolution
		Debug|Any CPU = Debug|Any CPU
		Debug|x64 = Debug|x64
		Release|Any CPU = Release|Any CPU
		Release|x64 = Release|x64
	EndGlobalSection
	GlobalSection(ProjectConfigurationPlatforms) = postSolution
		{D0594667-5D2F-48F3-A3DF-00C58245C1FD}.Debug|Any CPU.ActiveCfg = Debug|Any CPU
		{D0594667-5D2F-48F3-A3DF-00C58245C1FD}.Debug|Any CPU.Build.0 = Debug|Any CPU
		{D0594667-5D2F-48F3-A3DF-00C58245C1FD}.Debug|x64.ActiveCfg = Release|x64
		{D0594667-5D2F-48F3-A3DF-00C58245C1FD}.Debug|x64.Build.0 = Release|x64
		{D0594667-5D2F-48F3-A3DF-00C58245C1FD}.Release|Any CPU.ActiveCfg = Release|Any CPU
		{D0594667-5D2F-48F3-A3DF-00C58245C1FD}.Release|Any CPU.Build.0 = Release|Any CPU
		{D0594667-5D2F-48F3-A3DF-00C58245C1FD}.Release|x64.ActiveCfg = Release|x64
		{D0594667-5D2F-48F3-A3DF-00C58245C1FD}.Release|x64.Build.0 = Release|x64
		{165F50DB-EDB0-49AD-8836-6B76EDED02C0}.Debug|Any CPU.ActiveCfg = Debug|Any CPU
		{165F50DB-EDB0-49AD-8836-6B76EDED02C0}.Debug|Any CPU.Build.0 = Debug|Any CPU
		{165F50DB-EDB0-49AD-8836-6B76EDED02C0}.Debug|x64.ActiveCfg = Debug|Any CPU
		{165F50DB-EDB0-49AD-8836-6B76EDED02C0}.Debug|x64.Build.0 = Debug|Any CPU
		{165F50DB-EDB0-49AD-8836-6B76EDED02C0}.Release|Any CPU.ActiveCfg = Release|Any CPU
		{165F50DB-EDB0-49AD-8836-6B76EDED02C0}.Release|Any CPU.Build.0 = Release|Any CPU
		{165F50DB-EDB0-49AD-8836-6B76EDED02C0}.Release|x64.ActiveCfg = Release|x64
		{165F50DB-EDB0-49AD-8836-6B76EDED02C0}.Release|x64.Build.0 = Release|x64
		{B9F7E850-AB54-4C94-A393-15945E8E3825}.Debug|Any CPU.ActiveCfg = Debug|Any CPU
		{B9F7E850-AB54-4C94-A393-15945E8E3825}.Debug|Any CPU.Build.0 = Debug|Any CPU
		{B9F7E850-AB54-4C94-A393-15945E8E3825}.Debug|x64.ActiveCfg = Debug|Any CPU
		{B9F7E850-AB54-4C94-A393-15945E8E3825}.Debug|x64.Build.0 = Debug|Any CPU
		{B9F7E850-AB54-4C94-A393-15945E8E3825}.Release|Any CPU.ActiveCfg = Release|Any CPU
		{B9F7E850-AB54-4C94-A393-15945E8E3825}.Release|Any CPU.Build.0 = Release|Any CPU
		{B9F7E850-AB54-4C94-A393-15945E8E3825}.Release|x64.ActiveCfg = Release|x64
		{B9F7E850-AB54-4C94-A393-15945E8E3825}.Release|x64.Build.0 = Release|x64
		{D56E4192-E629-41A9-B64E-37B24E8C7DD7}.Debug|Any CPU.ActiveCfg = Debug|Any CPU
		{D56E4192-E629-41A9-B64E-37B24E8C7DD7}.Debug|Any CPU.Build.0 = Debug|Any CPU
		{D56E4192-E629-41A9-B64E-37B24E8C7DD7}.Debug|x64.ActiveCfg = Debug|Any CPU
		{D56E4192-E629-41A9-B64E-37B24E8C7DD7}.Debug|x64.Build.0 = Debug|Any CPU
		{D56E4192-E629-41A9-B64E-37B24E8C7DD7}.Release|Any CPU.ActiveCfg = Release|Any CPU
		{D56E4192-E629-41A9-B64E-37B24E8C7DD7}.Release|Any CPU.Build.0 = Release|Any CPU
		{D56E4192-E629-41A9-B64E-37B24E8C7DD7}.Release|x64.ActiveCfg = Release|x64
		{D56E4192-E629-41A9-B64E-37B24E8C7DD7}.Release|x64.Build.0 = Release|x64
	EndGlobalSection
	GlobalSection(SolutionProperties) = preSolution
		HideSolutionNode = FALSE
	EndGlobalSection
	GlobalSection(ExtensibilityGlobals) = postSolution
		SolutionGuid = {3212F50A-6F44-4325-93FD-D17CD01F7D7A}
	EndGlobalSection
EndGlobal
